
Microsoft Visual Studio Solution File, Format Version 12.00
# Visual Studio Version 17
VisualStudioVersion = 17.12.35514.174
MinimumVisualStudioVersion = 10.0.40219.1
Project("{FAE04EC0-301F-11D3-BF4B-00C04F79EFBC}") = "EksamenCsharp", "EksamenCsharp\EksamenCsharp.csproj", "{1E7DC430-74A7-40AE-B67B-A44A6F391A70}"
EndProject
Project("{FAE04EC0-301F-11D3-BF4B-00C04F79EFBC}") = "Exercise2_3", "Session2Loesninger\Exercise2\Exercise2_3\Exercise2_3.csproj", "{F39EBB12-0C63-4A2D-91B3-24B695AEB28A}"
EndProject
Project("{2150E333-8FDC-42A3-9474-1A3956D46DE8}") = "SprogKonstruktion", "SprogKonstruktion", "{63B8F56D-C15B-4B6F-BCE2-48954B24C692}"
EndProject
Project("{FAE04EC0-301F-11D3-BF4B-00C04F79EFBC}") = "Exercise2_4", "Session2Loesninger\Exercise2\Exercise2_4\Exercise2_4.csproj", "{E3AE5289-550B-4ECC-951E-2CD7C40C4F65}"
EndProject
Project("{FAE04EC0-301F-11D3-BF4B-00C04F79EFBC}") = "Medarbejdere", "Exercise3_1_5\Medarbejdere\Medarbejdere.csproj", "{3A6B83F8-3219-4635-B8BC-A9C29C0B1354}"
EndProject
Project("{2150E333-8FDC-42A3-9474-1A3956D46DE8}") = "Delegates and Lambda", "Delegates and Lambda", "{E68572EB-D40E-4B01-87A5-6838B74EAA26}"
EndProject
Project("{FAE04EC0-301F-11D3-BF4B-00C04F79EFBC}") = "Exercise4.1.a", "Loesninger session 4\Exercises_4\Exercise4.1.a\Exercise4.1.a.csproj", "{21698DC0-B758-4B48-BC1F-014C3A9F1A57}"
EndProject
Project("{FAE04EC0-301F-11D3-BF4B-00C04F79EFBC}") = "Exercise4_2", "Loesninger session 4\Exercises_4\Exercise4_2\Exercise4_2.csproj", "{E3948C8A-4B85-4859-8AEF-652F0D8FCF40}"
EndProject
Project("{FAE04EC0-301F-11D3-BF4B-00C04F79EFBC}") = "Exercise4_3-4", "Loesninger session 4\Exercises_4\Exercise4_3-4\Exercise4_3-4.csproj", "{55A72425-7658-4D34-91A2-4C2706C51DFB}"
EndProject
Project("{FAE04EC0-301F-11D3-BF4B-00C04F79EFBC}") = "Exercise4_5", "Loesninger session 4\Exercises_4\Exercise4_5\Exercise4_5.csproj", "{3B908A58-DEC7-4964-ABAC-5EB8EC114FC6}"
EndProject
Project("{FAE04EC0-301F-11D3-BF4B-00C04F79EFBC}") = "Exercise4_6", "Loesninger session 4\Exercises_4\Exercise4_6\Exercise4_6.csproj", "{EB23221B-51B7-4D7F-A160-F23B033EC1C9}"
EndProject
Project("{2150E333-8FDC-42A3-9474-1A3956D46DE8}") = "LINQ", "LINQ", "{1C2932BD-54A8-40D0-8420-F75A25A11C83}"
EndProject
Project("{FAE04EC0-301F-11D3-BF4B-00C04F79EFBC}") = "Exercise5_Core", "Loesninger\Exercise5\Exercise5_Core\Exercise5_Core.csproj", "{913ABAB1-7F2A-4ADE-BDD2-E686D120B2D7}"
EndProject
Project("{FAE04EC0-301F-11D3-BF4B-00C04F79EFBC}") = "Exercise5", "Loesninger\Exercise5\Exercise5\Exercise5.csproj", "{E0F180AF-53D5-4386-9EF6-40416C82FC9D}"
EndProject
Project("{2150E333-8FDC-42A3-9474-1A3956D46DE8}") = "MVC", "MVC", "{EC1FFA42-A9B5-4027-A5A0-59DC6ED5D472}"
EndProject
Project("{FAE04EC0-301F-11D3-BF4B-00C04F79EFBC}") = "AsSimpleAsItGets", "MyFirstMVCWithRazor\AsSimpleAsItGets\AsSimpleAsItGets.csproj", "{45011548-4AFF-4368-AF79-EAD41694563A}"
EndProject
Project("{FAE04EC0-301F-11D3-BF4B-00C04F79EFBC}") = "MyFirstMVCWithRazor", "MyFirstMVCWithRazor\MyFirstMVCWithRazor\MyFirstMVCWithRazor.csproj", "{AD9BE0F1-ECC0-4C87-A0A7-A4A7FA8EC15A}"
EndProject
Project("{2150E333-8FDC-42A3-9474-1A3956D46DE8}") = "HTMLhelpers", "HTMLhelpers", "{2DE8B224-C18A-453C-A406-C3C3A7B9DC0D}"
EndProject
Project("{FAE04EC0-301F-11D3-BF4B-00C04F79EFBC}") = "Solutions", "Lesson11_solution - Helpers\Lesson11 - Helpers_solution\Solutions\Solutions.csproj", "{5E6BD96E-BCAC-4381-8585-5D3E35CF88FD}"
EndProject
Project("{2150E333-8FDC-42A3-9474-1A3956D46DE8}") = "Layouts_PartialViews_ViewComponents", "Layouts_PartialViews_ViewComponents", "{1F6A7293-4F99-4B38-881C-2E8146EC0971}"
EndProject
Project("{FAE04EC0-301F-11D3-BF4B-00C04F79EFBC}") = "Exercise 14.1 Core", "Exercise14 Core solution\Exercise 14.1 Core\Exercise 14.1 Core.csproj", "{8D8850F4-B4A1-4999-A4DC-43D8F61E9A70}"
EndProject
Project("{FAE04EC0-301F-11D3-BF4B-00C04F79EFBC}") = "Exercise 14.2 Core", "Exercise14 Core solution\Exercise 14.2 Core\Exercise 14.2 Core.csproj", "{A537292A-E2AE-4403-9C76-6DE04DDCB966}"
EndProject
Project("{FAE04EC0-301F-11D3-BF4B-00C04F79EFBC}") = "Exercise4_2PowerPlantEvent", "PowerPlantEvent\Exercise4_2PowerPlantEvent.csproj", "{F58FE04D-8845-4CB1-9097-46DE032B13FF}"
EndProject
Project("{2150E333-8FDC-42A3-9474-1A3956D46DE8}") = "MAUI_DataBinding", "MAUI_DataBinding", "{87FDA123-3183-4B0F-8E7D-7B90725C5325}"
EndProject
Project("{FAE04EC0-301F-11D3-BF4B-00C04F79EFBC}") = "LoesningSession12", "Loesning\LoesningSession12\LoesningSession12.csproj", "{66570866-D00D-42CC-9280-E25CE8417E02}"
EndProject
Project("{FAE04EC0-301F-11D3-BF4B-00C04F79EFBC}") = "Ting", "Ting\Ting.csproj", "{9CD182C8-3634-416C-B77A-CF9B665FB4BF}"
EndProject
Global
	GlobalSection(SolutionConfigurationPlatforms) = preSolution
		Debug|Any CPU = Debug|Any CPU
		Release|Any CPU = Release|Any CPU
	EndGlobalSection
	GlobalSection(ProjectConfigurationPlatforms) = postSolution
		{1E7DC430-74A7-40AE-B67B-A44A6F391A70}.Debug|Any CPU.ActiveCfg = Debug|Any CPU
		{1E7DC430-74A7-40AE-B67B-A44A6F391A70}.Debug|Any CPU.Build.0 = Debug|Any CPU
		{1E7DC430-74A7-40AE-B67B-A44A6F391A70}.Release|Any CPU.ActiveCfg = Release|Any CPU
		{1E7DC430-74A7-40AE-B67B-A44A6F391A70}.Release|Any CPU.Build.0 = Release|Any CPU
		{F39EBB12-0C63-4A2D-91B3-24B695AEB28A}.Debug|Any CPU.ActiveCfg = Debug|Any CPU
		{F39EBB12-0C63-4A2D-91B3-24B695AEB28A}.Debug|Any CPU.Build.0 = Debug|Any CPU
		{F39EBB12-0C63-4A2D-91B3-24B695AEB28A}.Release|Any CPU.ActiveCfg = Release|Any CPU
		{F39EBB12-0C63-4A2D-91B3-24B695AEB28A}.Release|Any CPU.Build.0 = Release|Any CPU
		{E3AE5289-550B-4ECC-951E-2CD7C40C4F65}.Debug|Any CPU.ActiveCfg = Debug|Any CPU
		{E3AE5289-550B-4ECC-951E-2CD7C40C4F65}.Debug|Any CPU.Build.0 = Debug|Any CPU
		{E3AE5289-550B-4ECC-951E-2CD7C40C4F65}.Release|Any CPU.ActiveCfg = Release|Any CPU
		{E3AE5289-550B-4ECC-951E-2CD7C40C4F65}.Release|Any CPU.Build.0 = Release|Any CPU
		{3A6B83F8-3219-4635-B8BC-A9C29C0B1354}.Debug|Any CPU.ActiveCfg = Debug|Any CPU
		{3A6B83F8-3219-4635-B8BC-A9C29C0B1354}.Debug|Any CPU.Build.0 = Debug|Any CPU
		{3A6B83F8-3219-4635-B8BC-A9C29C0B1354}.Release|Any CPU.ActiveCfg = Release|Any CPU
		{3A6B83F8-3219-4635-B8BC-A9C29C0B1354}.Release|Any CPU.Build.0 = Release|Any CPU
		{21698DC0-B758-4B48-BC1F-014C3A9F1A57}.Debug|Any CPU.ActiveCfg = Debug|Any CPU
		{21698DC0-B758-4B48-BC1F-014C3A9F1A57}.Debug|Any CPU.Build.0 = Debug|Any CPU
		{21698DC0-B758-4B48-BC1F-014C3A9F1A57}.Release|Any CPU.ActiveCfg = Release|Any CPU
		{21698DC0-B758-4B48-BC1F-014C3A9F1A57}.Release|Any CPU.Build.0 = Release|Any CPU
		{E3948C8A-4B85-4859-8AEF-652F0D8FCF40}.Debug|Any CPU.ActiveCfg = Debug|Any CPU
		{E3948C8A-4B85-4859-8AEF-652F0D8FCF40}.Debug|Any CPU.Build.0 = Debug|Any CPU
		{E3948C8A-4B85-4859-8AEF-652F0D8FCF40}.Release|Any CPU.ActiveCfg = Release|Any CPU
		{E3948C8A-4B85-4859-8AEF-652F0D8FCF40}.Release|Any CPU.Build.0 = Release|Any CPU
		{55A72425-7658-4D34-91A2-4C2706C51DFB}.Debug|Any CPU.ActiveCfg = Debug|Any CPU
		{55A72425-7658-4D34-91A2-4C2706C51DFB}.Debug|Any CPU.Build.0 = Debug|Any CPU
		{55A72425-7658-4D34-91A2-4C2706C51DFB}.Release|Any CPU.ActiveCfg = Release|Any CPU
		{55A72425-7658-4D34-91A2-4C2706C51DFB}.Release|Any CPU.Build.0 = Release|Any CPU
		{3B908A58-DEC7-4964-ABAC-5EB8EC114FC6}.Debug|Any CPU.ActiveCfg = Debug|Any CPU
		{3B908A58-DEC7-4964-ABAC-5EB8EC114FC6}.Debug|Any CPU.Build.0 = Debug|Any CPU
		{3B908A58-DEC7-4964-ABAC-5EB8EC114FC6}.Release|Any CPU.ActiveCfg = Release|Any CPU
		{3B908A58-DEC7-4964-ABAC-5EB8EC114FC6}.Release|Any CPU.Build.0 = Release|Any CPU
		{EB23221B-51B7-4D7F-A160-F23B033EC1C9}.Debug|Any CPU.ActiveCfg = Debug|Any CPU
		{EB23221B-51B7-4D7F-A160-F23B033EC1C9}.Debug|Any CPU.Build.0 = Debug|Any CPU
		{EB23221B-51B7-4D7F-A160-F23B033EC1C9}.Release|Any CPU.ActiveCfg = Release|Any CPU
		{EB23221B-51B7-4D7F-A160-F23B033EC1C9}.Release|Any CPU.Build.0 = Release|Any CPU
		{913ABAB1-7F2A-4ADE-BDD2-E686D120B2D7}.Debug|Any CPU.ActiveCfg = Debug|Any CPU
		{913ABAB1-7F2A-4ADE-BDD2-E686D120B2D7}.Debug|Any CPU.Build.0 = Debug|Any CPU
		{913ABAB1-7F2A-4ADE-BDD2-E686D120B2D7}.Release|Any CPU.ActiveCfg = Release|Any CPU
		{913ABAB1-7F2A-4ADE-BDD2-E686D120B2D7}.Release|Any CPU.Build.0 = Release|Any CPU
		{E0F180AF-53D5-4386-9EF6-40416C82FC9D}.Debug|Any CPU.ActiveCfg = Debug|Any CPU
		{E0F180AF-53D5-4386-9EF6-40416C82FC9D}.Debug|Any CPU.Build.0 = Debug|Any CPU
		{E0F180AF-53D5-4386-9EF6-40416C82FC9D}.Release|Any CPU.ActiveCfg = Release|Any CPU
		{E0F180AF-53D5-4386-9EF6-40416C82FC9D}.Release|Any CPU.Build.0 = Release|Any CPU
		{45011548-4AFF-4368-AF79-EAD41694563A}.Debug|Any CPU.ActiveCfg = Debug|Any CPU
		{45011548-4AFF-4368-AF79-EAD41694563A}.Debug|Any CPU.Build.0 = Debug|Any CPU
		{45011548-4AFF-4368-AF79-EAD41694563A}.Release|Any CPU.ActiveCfg = Release|Any CPU
		{45011548-4AFF-4368-AF79-EAD41694563A}.Release|Any CPU.Build.0 = Release|Any CPU
		{AD9BE0F1-ECC0-4C87-A0A7-A4A7FA8EC15A}.Debug|Any CPU.ActiveCfg = Debug|Any CPU
		{AD9BE0F1-ECC0-4C87-A0A7-A4A7FA8EC15A}.Debug|Any CPU.Build.0 = Debug|Any CPU
		{AD9BE0F1-ECC0-4C87-A0A7-A4A7FA8EC15A}.Release|Any CPU.ActiveCfg = Release|Any CPU
		{AD9BE0F1-ECC0-4C87-A0A7-A4A7FA8EC15A}.Release|Any CPU.Build.0 = Release|Any CPU
		{5E6BD96E-BCAC-4381-8585-5D3E35CF88FD}.Debug|Any CPU.ActiveCfg = Debug|Any CPU
		{5E6BD96E-BCAC-4381-8585-5D3E35CF88FD}.Debug|Any CPU.Build.0 = Debug|Any CPU
		{5E6BD96E-BCAC-4381-8585-5D3E35CF88FD}.Release|Any CPU.ActiveCfg = Release|Any CPU
		{5E6BD96E-BCAC-4381-8585-5D3E35CF88FD}.Release|Any CPU.Build.0 = Release|Any CPU
		{8D8850F4-B4A1-4999-A4DC-43D8F61E9A70}.Debug|Any CPU.ActiveCfg = Debug|Any CPU
		{8D8850F4-B4A1-4999-A4DC-43D8F61E9A70}.Debug|Any CPU.Build.0 = Debug|Any CPU
		{8D8850F4-B4A1-4999-A4DC-43D8F61E9A70}.Release|Any CPU.ActiveCfg = Release|Any CPU
		{8D8850F4-B4A1-4999-A4DC-43D8F61E9A70}.Release|Any CPU.Build.0 = Release|Any CPU
		{A537292A-E2AE-4403-9C76-6DE04DDCB966}.Debug|Any CPU.ActiveCfg = Debug|Any CPU
		{A537292A-E2AE-4403-9C76-6DE04DDCB966}.Debug|Any CPU.Build.0 = Debug|Any CPU
		{A537292A-E2AE-4403-9C76-6DE04DDCB966}.Release|Any CPU.ActiveCfg = Release|Any CPU
		{A537292A-E2AE-4403-9C76-6DE04DDCB966}.Release|Any CPU.Build.0 = Release|Any CPU
		{F58FE04D-8845-4CB1-9097-46DE032B13FF}.Debug|Any CPU.ActiveCfg = Debug|Any CPU
		{F58FE04D-8845-4CB1-9097-46DE032B13FF}.Debug|Any CPU.Build.0 = Debug|Any CPU
		{F58FE04D-8845-4CB1-9097-46DE032B13FF}.Release|Any CPU.ActiveCfg = Release|Any CPU
		{F58FE04D-8845-4CB1-9097-46DE032B13FF}.Release|Any CPU.Build.0 = Release|Any CPU
		{66570866-D00D-42CC-9280-E25CE8417E02}.Debug|Any CPU.ActiveCfg = Debug|Any CPU
		{66570866-D00D-42CC-9280-E25CE8417E02}.Debug|Any CPU.Build.0 = Debug|Any CPU
		{66570866-D00D-42CC-9280-E25CE8417E02}.Debug|Any CPU.Deploy.0 = Debug|Any CPU
		{66570866-D00D-42CC-9280-E25CE8417E02}.Release|Any CPU.ActiveCfg = Release|Any CPU
		{66570866-D00D-42CC-9280-E25CE8417E02}.Release|Any CPU.Build.0 = Release|Any CPU
		{66570866-D00D-42CC-9280-E25CE8417E02}.Release|Any CPU.Deploy.0 = Release|Any CPU
		{9CD182C8-3634-416C-B77A-CF9B665FB4BF}.Debug|Any CPU.ActiveCfg = Debug|Any CPU
		{9CD182C8-3634-416C-B77A-CF9B665FB4BF}.Debug|Any CPU.Build.0 = Debug|Any CPU
		{9CD182C8-3634-416C-B77A-CF9B665FB4BF}.Release|Any CPU.ActiveCfg = Release|Any CPU
		{9CD182C8-3634-416C-B77A-CF9B665FB4BF}.Release|Any CPU.Build.0 = Release|Any CPU
	EndGlobalSection
	GlobalSection(SolutionProperties) = preSolution
		HideSolutionNode = FALSE
	EndGlobalSection
	GlobalSection(NestedProjects) = preSolution
		{F39EBB12-0C63-4A2D-91B3-24B695AEB28A} = {63B8F56D-C15B-4B6F-BCE2-48954B24C692}
		{E3AE5289-550B-4ECC-951E-2CD7C40C4F65} = {63B8F56D-C15B-4B6F-BCE2-48954B24C692}
		{3A6B83F8-3219-4635-B8BC-A9C29C0B1354} = {63B8F56D-C15B-4B6F-BCE2-48954B24C692}
		{21698DC0-B758-4B48-BC1F-014C3A9F1A57} = {E68572EB-D40E-4B01-87A5-6838B74EAA26}
		{E3948C8A-4B85-4859-8AEF-652F0D8FCF40} = {E68572EB-D40E-4B01-87A5-6838B74EAA26}
		{55A72425-7658-4D34-91A2-4C2706C51DFB} = {E68572EB-D40E-4B01-87A5-6838B74EAA26}
		{3B908A58-DEC7-4964-ABAC-5EB8EC114FC6} = {E68572EB-D40E-4B01-87A5-6838B74EAA26}
		{EB23221B-51B7-4D7F-A160-F23B033EC1C9} = {E68572EB-D40E-4B01-87A5-6838B74EAA26}
		{913ABAB1-7F2A-4ADE-BDD2-E686D120B2D7} = {1C2932BD-54A8-40D0-8420-F75A25A11C83}
		{E0F180AF-53D5-4386-9EF6-40416C82FC9D} = {1C2932BD-54A8-40D0-8420-F75A25A11C83}
		{45011548-4AFF-4368-AF79-EAD41694563A} = {EC1FFA42-A9B5-4027-A5A0-59DC6ED5D472}
		{AD9BE0F1-ECC0-4C87-A0A7-A4A7FA8EC15A} = {EC1FFA42-A9B5-4027-A5A0-59DC6ED5D472}
		{5E6BD96E-BCAC-4381-8585-5D3E35CF88FD} = {2DE8B224-C18A-453C-A406-C3C3A7B9DC0D}
		{8D8850F4-B4A1-4999-A4DC-43D8F61E9A70} = {1F6A7293-4F99-4B38-881C-2E8146EC0971}
		{A537292A-E2AE-4403-9C76-6DE04DDCB966} = {1F6A7293-4F99-4B38-881C-2E8146EC0971}
		{F58FE04D-8845-4CB1-9097-46DE032B13FF} = {E68572EB-D40E-4B01-87A5-6838B74EAA26}
		{66570866-D00D-42CC-9280-E25CE8417E02} = {87FDA123-3183-4B0F-8E7D-7B90725C5325}
		{9CD182C8-3634-416C-B77A-CF9B665FB4BF} = {63B8F56D-C15B-4B6F-BCE2-48954B24C692}
	EndGlobalSection
EndGlobal
